// !$*UTF8*$!
{
	archiveVersion = 1;
	classes = {
	};
	objectVersion = 46;
	objects = {

/* Begin PBXBuildFile section */
		0754706B1E54328B00CCA6AA /* main.cpp in Sources */ = {isa = PBXBuildFile; fileRef = 0754706A1E54328B00CCA6AA /* main.cpp */; };
		075470871E54343200CCA6AA /* imgui_draw.cpp in Sources */ = {isa = PBXBuildFile; fileRef = 075470721E54343200CCA6AA /* imgui_draw.cpp */; };
		075470881E54343200CCA6AA /* imgui_impl_glut.cpp in Sources */ = {isa = PBXBuildFile; fileRef = 075470731E54343200CCA6AA /* imgui_impl_glut.cpp */; };
		075470891E54343200CCA6AA /* imgui.cpp in Sources */ = {isa = PBXBuildFile; fileRef = 075470751E54343200CCA6AA /* imgui.cpp */; };
		0754708A1E54343200CCA6AA /* Makefile in Sources */ = {isa = PBXBuildFile; fileRef = 075470841E54343200CCA6AA /* Makefile */; };
		0754708B1E54343200CCA6AA /* PlantLife.cpp in Sources */ = {isa = PBXBuildFile; fileRef = 075470851E54343200CCA6AA /* PlantLife.cpp */; };
/* End PBXBuildFile section */

/* Begin PBXCopyFilesBuildPhase section */
		075470651E54328B00CCA6AA /* CopyFiles */ = {
			isa = PBXCopyFilesBuildPhase;
			buildActionMask = 2147483647;
			dstPath = /usr/share/man/man1/;
			dstSubfolderSpec = 0;
			files = (
			);
			runOnlyForDeploymentPostprocessing = 1;
		};
/* End PBXCopyFilesBuildPhase section */

/* Begin PBXFileReference section */
		075470671E54328B00CCA6AA /* Plant Life */ = {isa = PBXFileReference; explicitFileType = "compiled.mach-o.executable"; includeInIndex = 0; path = "Plant Life"; sourceTree = BUILT_PRODUCTS_DIR; };
		0754706A1E54328B00CCA6AA /* main.cpp */ = {isa = PBXFileReference; lastKnownFileType = sourcecode.cpp.cpp; path = main.cpp; sourceTree = "<group>"; };
		075470711E54343200CCA6AA /* CHECKLIST */ = {isa = PBXFileReference; fileEncoding = 4; lastKnownFileType = text; path = CHECKLIST; sourceTree = "<group>"; };
		075470721E54343200CCA6AA /* imgui_draw.cpp */ = {isa = PBXFileReference; fileEncoding = 4; lastKnownFileType = sourcecode.cpp.cpp; path = imgui_draw.cpp; sourceTree = "<group>"; };
		075470731E54343200CCA6AA /* imgui_impl_glut.cpp */ = {isa = PBXFileReference; fileEncoding = 4; lastKnownFileType = sourcecode.cpp.cpp; path = imgui_impl_glut.cpp; sourceTree = "<group>"; };
		075470741E54343200CCA6AA /* imgui_impl_glut.h */ = {isa = PBXFileReference; fileEncoding = 4; lastKnownFileType = sourcecode.c.h; path = imgui_impl_glut.h; sourceTree = "<group>"; };
		075470751E54343200CCA6AA /* imgui.cpp */ = {isa = PBXFileReference; fileEncoding = 4; lastKnownFileType = sourcecode.cpp.cpp; path = imgui.cpp; sourceTree = "<group>"; };
		075470761E54343200CCA6AA /* imgui.ini */ = {isa = PBXFileReference; fileEncoding = 4; lastKnownFileType = text; path = imgui.ini; sourceTree = "<group>"; };
		075470781E54343200CCA6AA /* imconfig.h */ = {isa = PBXFileReference; fileEncoding = 4; lastKnownFileType = sourcecode.c.h; path = imconfig.h; sourceTree = "<group>"; };
		075470791E54343200CCA6AA /* imgui.h */ = {isa = PBXFileReference; fileEncoding = 4; lastKnownFileType = sourcecode.c.h; path = imgui.h; sourceTree = "<group>"; };
		0754707A1E54343200CCA6AA /* imgui_internal.h */ = {isa = PBXFileReference; fileEncoding = 4; lastKnownFileType = sourcecode.c.h; path = imgui_internal.h; sourceTree = "<group>"; };
		0754707B1E54343200CCA6AA /* stb_rect_pack.h */ = {isa = PBXFileReference; fileEncoding = 4; lastKnownFileType = sourcecode.c.h; path = stb_rect_pack.h; sourceTree = "<group>"; };
		0754707C1E54343200CCA6AA /* stb_textedit.h */ = {isa = PBXFileReference; fileEncoding = 4; lastKnownFileType = sourcecode.c.h; path = stb_textedit.h; sourceTree = "<group>"; };
		0754707D1E54343200CCA6AA /* stb_truetype.h */ = {isa = PBXFileReference; fileEncoding = 4; lastKnownFileType = sourcecode.c.h; path = stb_truetype.h; sourceTree = "<group>"; };
		0754707E1E54343200CCA6AA /* imconfig.h */ = {isa = PBXFileReference; fileEncoding = 4; lastKnownFileType = sourcecode.c.h; path = imconfig.h; sourceTree = "<group>"; };
		0754707F1E54343200CCA6AA /* imgui_internal.h */ = {isa = PBXFileReference; fileEncoding = 4; lastKnownFileType = sourcecode.c.h; path = imgui_internal.h; sourceTree = "<group>"; };
		075470801E54343200CCA6AA /* imgui.h */ = {isa = PBXFileReference; fileEncoding = 4; lastKnownFileType = sourcecode.c.h; path = imgui.h; sourceTree = "<group>"; };
		075470811E54343200CCA6AA /* stb_rect_pack.h */ = {isa = PBXFileReference; fileEncoding = 4; lastKnownFileType = sourcecode.c.h; path = stb_rect_pack.h; sourceTree = "<group>"; };
		075470821E54343200CCA6AA /* stb_textedit.h */ = {isa = PBXFileReference; fileEncoding = 4; lastKnownFileType = sourcecode.c.h; path = stb_textedit.h; sourceTree = "<group>"; };
		075470831E54343200CCA6AA /* stb_truetype.h */ = {isa = PBXFileReference; fileEncoding = 4; lastKnownFileType = sourcecode.c.h; path = stb_truetype.h; sourceTree = "<group>"; };
		075470841E54343200CCA6AA /* Makefile */ = {isa = PBXFileReference; fileEncoding = 4; lastKnownFileType = sourcecode.make; path = Makefile; sourceTree = "<group>"; };
		075470851E54343200CCA6AA /* PlantLife.cpp */ = {isa = PBXFileReference; fileEncoding = 4; lastKnownFileType = sourcecode.cpp.cpp; path = PlantLife.cpp; sourceTree = "<group>"; };
		075470861E54343200CCA6AA /* run.sh */ = {isa = PBXFileReference; fileEncoding = 4; lastKnownFileType = text.script.sh; path = run.sh; sourceTree = "<group>"; };
/* End PBXFileReference section */

/* Begin PBXFrameworksBuildPhase section */
		075470641E54328B00CCA6AA /* Frameworks */ = {
			isa = PBXFrameworksBuildPhase;
			buildActionMask = 2147483647;
			files = (
			);
			runOnlyForDeploymentPostprocessing = 0;
		};
/* End PBXFrameworksBuildPhase section */

/* Begin PBXGroup section */
		0754705E1E54328B00CCA6AA = {
			isa = PBXGroup;
			children = (
				075470691E54328B00CCA6AA /* Plant Life */,
				075470681E54328B00CCA6AA /* Products */,
			);
			sourceTree = "<group>";
		};
		075470681E54328B00CCA6AA /* Products */ = {
			isa = PBXGroup;
			children = (
				075470671E54328B00CCA6AA /* Plant Life */,
			);
			name = Products;
			sourceTree = "<group>";
		};
		075470691E54328B00CCA6AA /* Plant Life */ = {
			isa = PBXGroup;
			children = (
				075470711E54343200CCA6AA /* CHECKLIST */,
				075470721E54343200CCA6AA /* imgui_draw.cpp */,
				075470731E54343200CCA6AA /* imgui_impl_glut.cpp */,
				075470741E54343200CCA6AA /* imgui_impl_glut.h */,
				075470751E54343200CCA6AA /* imgui.cpp */,
				075470761E54343200CCA6AA /* imgui.ini */,
				075470771E54343200CCA6AA /* include */,
				0754707E1E54343200CCA6AA /* imconfig.h */,
				0754707F1E54343200CCA6AA /* imgui_internal.h */,
				075470801E54343200CCA6AA /* imgui.h */,
				075470811E54343200CCA6AA /* stb_rect_pack.h */,
				075470821E54343200CCA6AA /* stb_textedit.h */,
				075470831E54343200CCA6AA /* stb_truetype.h */,
				075470841E54343200CCA6AA /* Makefile */,
				075470851E54343200CCA6AA /* PlantLife.cpp */,
				075470861E54343200CCA6AA /* run.sh */,
				0754706A1E54328B00CCA6AA /* main.cpp */,
			);
			path = "Plant Life";
			sourceTree = "<group>";
		};
		075470771E54343200CCA6AA /* include */ = {
			isa = PBXGroup;
			children = (
				075470781E54343200CCA6AA /* imconfig.h */,
				075470791E54343200CCA6AA /* imgui.h */,
				0754707A1E54343200CCA6AA /* imgui_internal.h */,
				0754707B1E54343200CCA6AA /* stb_rect_pack.h */,
				0754707C1E54343200CCA6AA /* stb_textedit.h */,
				0754707D1E54343200CCA6AA /* stb_truetype.h */,
			);
			path = include;
			sourceTree = "<group>";
		};
/* End PBXGroup section */

/* Begin PBXNativeTarget section */
		075470661E54328B00CCA6AA /* Plant Life */ = {
			isa = PBXNativeTarget;
			buildConfigurationList = 0754706E1E54328B00CCA6AA /* Build configuration list for PBXNativeTarget "Plant Life" */;
			buildPhases = (
				075470631E54328B00CCA6AA /* Sources */,
				075470641E54328B00CCA6AA /* Frameworks */,
				075470651E54328B00CCA6AA /* CopyFiles */,
			);
			buildRules = (
			);
			dependencies = (
			);
			name = "Plant Life";
			productName = "Plant Life";
			productReference = 075470671E54328B00CCA6AA /* Plant Life */;
			productType = "com.apple.product-type.tool";
		};
/* End PBXNativeTarget section */

/* Begin PBXProject section */
		0754705F1E54328B00CCA6AA /* Project object */ = {
			isa = PBXProject;
			attributes = {
				LastUpgradeCheck = 0820;
				ORGANIZATIONNAME = "Eric Elmoznino";
				TargetAttributes = {
					075470661E54328B00CCA6AA = {
						CreatedOnToolsVersion = 8.2.1;
						DevelopmentTeam = GEECX5EAT6;
						ProvisioningStyle = Automatic;
					};
				};
			};
			buildConfigurationList = 075470621E54328B00CCA6AA /* Build configuration list for PBXProject "Plant Life" */;
			compatibilityVersion = "Xcode 3.2";
			developmentRegion = English;
			hasScannedForEncodings = 0;
			knownRegions = (
				en,
			);
			mainGroup = 0754705E1E54328B00CCA6AA;
			productRefGroup = 075470681E54328B00CCA6AA /* Products */;
			projectDirPath = "";
			projectRoot = "";
			targets = (
				075470661E54328B00CCA6AA /* Plant Life */,
			);
		};
/* End PBXProject section */

/* Begin PBXSourcesBuildPhase section */
		075470631E54328B00CCA6AA /* Sources */ = {
			isa = PBXSourcesBuildPhase;
			buildActionMask = 2147483647;
			files = (
				0754708A1E54343200CCA6AA /* Makefile in Sources */,
				0754708B1E54343200CCA6AA /* PlantLife.cpp in Sources */,
				0754706B1E54328B00CCA6AA /* main.cpp in Sources */,
				075470891E54343200CCA6AA /* imgui.cpp in Sources */,
				075470881E54343200CCA6AA /* imgui_impl_glut.cpp in Sources */,
				075470871E54343200CCA6AA /* imgui_draw.cpp in Sources */,
			);
			runOnlyForDeploymentPostprocessing = 0;
		};
/* End PBXSourcesBuildPhase section */

/* Begin XCBuildConfiguration section */
		0754706C1E54328B00CCA6AA /* Debug */ = {
			isa = XCBuildConfiguration;
			buildSettings = {
				ALWAYS_SEARCH_USER_PATHS = NO;
				CLANG_ANALYZER_NONNULL = YES;
				CLANG_CXX_LANGUAGE_STANDARD = "gnu++0x";
				CLANG_CXX_LIBRARY = "libc++";
				CLANG_ENABLE_MODULES = YES;
				CLANG_ENABLE_OBJC_ARC = YES;
				CLANG_WARN_BOOL_CONVERSION = YES;
				CLANG_WARN_CONSTANT_CONVERSION = YES;
				CLANG_WARN_DIRECT_OBJC_ISA_USAGE = YES_ERROR;
				CLANG_WARN_DOCUMENTATION_COMMENTS = YES;
				CLANG_WARN_EMPTY_BODY = YES;
				CLANG_WARN_ENUM_CONVERSION = YES;
				CLANG_WARN_INFINITE_RECURSION = YES;
				CLANG_WARN_INT_CONVERSION = YES;
				CLANG_WARN_OBJC_ROOT_CLASS = YES_ERROR;
				CLANG_WARN_SUSPICIOUS_MOVE = YES;
				CLANG_WARN_UNREACHABLE_CODE = YES;
				CLANG_WARN__DUPLICATE_METHOD_MATCH = YES;
				CODE_SIGN_IDENTITY = "-";
				COPY_PHASE_STRIP = NO;
				DEBUG_INFORMATION_FORMAT = dwarf;
				ENABLE_STRICT_OBJC_MSGSEND = YES;
				ENABLE_TESTABILITY = YES;
				GCC_C_LANGUAGE_STANDARD = gnu99;
				GCC_DYNAMIC_NO_PIC = NO;
				GCC_NO_COMMON_BLOCKS = YES;
				GCC_OPTIMIZATION_LEVEL = 0;
				GCC_PREPROCESSOR_DEFINITIONS = (
					"DEBUG=1",
					"$(inherited)",
				);
				GCC_WARN_64_TO_32_BIT_CONVERSION = YES;
				GCC_WARN_ABOUT_RETURN_TYPE = YES_ERROR;
				GCC_WARN_UNDECLARED_SELECTOR = YES;
				GCC_WARN_UNINITIALIZED_AUTOS = YES_AGGRESSIVE;
				GCC_WARN_UNUSED_FUNCTION = YES;
				GCC_WARN_UNUSED_VARIABLE = YES;
				MACOSX_DEPLOYMENT_TARGET = 10.12;
				MTL_ENABLE_DEBUG_INFO = YES;
				ONLY_ACTIVE_ARCH = YES;
				SDKROOT = macosx;
			};
			name = Debug;
		};
		0754706D1E54328B00CCA6AA /* Release */ = {
			isa = XCBuildConfiguration;
			buildSettings = {
				ALWAYS_SEARCH_USER_PATHS = NO;
				CLANG_ANALYZER_NONNULL = YES;
				CLANG_CXX_LANGUAGE_STANDARD = "gnu++0x";
				CLANG_CXX_LIBRARY = "libc++";
				CLANG_ENABLE_MODULES = YES;
				CLANG_ENABLE_OBJC_ARC = YES;
				CLANG_WARN_BOOL_CONVERSION = YES;
				CLANG_WARN_CONSTANT_CONVERSION = YES;
				CLANG_WARN_DIRECT_OBJC_ISA_USAGE = YES_ERROR;
				CLANG_WARN_DOCUMENTATION_COMMENTS = YES;
				CLANG_WARN_EMPTY_BODY = YES;
				CLANG_WARN_ENUM_CONVERSION = YES;
				CLANG_WARN_INFINITE_RECURSION = YES;
				CLANG_WARN_INT_CONVERSION = YES;
				CLANG_WARN_OBJC_ROOT_CLASS = YES_ERROR;
				CLANG_WARN_SUSPICIOUS_MOVE = YES;
				CLANG_WARN_UNREACHABLE_CODE = YES;
				CLANG_WARN__DUPLICATE_METHOD_MATCH = YES;
				CODE_SIGN_IDENTITY = "-";
				COPY_PHASE_STRIP = NO;
				DEBUG_INFORMATION_FORMAT = "dwarf-with-dsym";
				ENABLE_NS_ASSERTIONS = NO;
				ENABLE_STRICT_OBJC_MSGSEND = YES;
				GCC_C_LANGUAGE_STANDARD = gnu99;
				GCC_NO_COMMON_BLOCKS = YES;
				GCC_WARN_64_TO_32_BIT_CONVERSION = YES;
				GCC_WARN_ABOUT_RETURN_TYPE = YES_ERROR;
				GCC_WARN_UNDECLARED_SELECTOR = YES;
				GCC_WARN_UNINITIALIZED_AUTOS = YES_AGGRESSIVE;
				GCC_WARN_UNUSED_FUNCTION = YES;
				GCC_WARN_UNUSED_VARIABLE = YES;
				MACOSX_DEPLOYMENT_TARGET = 10.12;
				MTL_ENABLE_DEBUG_INFO = NO;
				SDKROOT = macosx;
			};
			name = Release;
		};
		0754706F1E54328B00CCA6AA /* Debug */ = {
			isa = XCBuildConfiguration;
			buildSettings = {
				DEVELOPMENT_TEAM = GEECX5EAT6;
				PRODUCT_NAME = "$(TARGET_NAME)";
			};
			name = Debug;
		};
		075470701E54328B00CCA6AA /* Release */ = {
			isa = XCBuildConfiguration;
			buildSettings = {
				DEVELOPMENT_TEAM = GEECX5EAT6;
				PRODUCT_NAME = "$(TARGET_NAME)";
			};
			name = Release;
		};
/* End XCBuildConfiguration section */

/* Begin XCConfigurationList section */
		075470621E54328B00CCA6AA /* Build configuration list for PBXProject "Plant Life" */ = {
			isa = XCConfigurationList;
			buildConfigurations = (
				0754706C1E54328B00CCA6AA /* Debug */,
				0754706D1E54328B00CCA6AA /* Release */,
			);
			defaultConfigurationIsVisible = 0;
			defaultConfigurationName = Release;
		};
		0754706E1E54328B00CCA6AA /* Build configuration list for PBXNativeTarget "Plant Life" */ = {
			isa = XCConfigurationList;
			buildConfigurations = (
				0754706F1E54328B00CCA6AA /* Debug */,
				075470701E54328B00CCA6AA /* Release */,
			);
			defaultConfigurationIsVisible = 0;
			defaultConfigurationName = Release;
		};
/* End XCConfigurationList section */
	};
	rootObject = 0754705F1E54328B00CCA6AA /* Project object */;
}
